
Microsoft Visual Studio Solution File, Format Version 12.00
# Visual Studio Version 17
VisualStudioVersion = 17.7.34024.191
MinimumVisualStudioVersion = 10.0.40219.1
Project("{9A19103F-16F7-4668-BE54-9A1E7A4F7556}") = "FashionChess", "FashionChess.csproj", "{14095598-BCE7-4BAF-9C2D-4D1B3259A8CB}"
EndProject
Global
	GlobalSection(SolutionConfigurationPlatforms) = preSolution
		Debug|Any CPU = Debug|Any CPU
		Release|Any CPU = Release|Any CPU
	EndGlobalSection
	GlobalSection(ProjectConfigurationPlatforms) = postSolution
		{14095598-BCE7-4BAF-9C2D-4D1B3259A8CB}.Debug|Any CPU.ActiveCfg = Debug|Any CPU
		{14095598-BCE7-4BAF-9C2D-4D1B3259A8CB}.Debug|Any CPU.Build.0 = Debug|Any CPU
		{14095598-BCE7-4BAF-9C2D-4D1B3259A8CB}.Release|Any CPU.ActiveCfg = Release|Any CPU
		{14095598-BCE7-4BAF-9C2D-4D1B3259A8CB}.Release|Any CPU.Build.0 = Release|Any CPU
	EndGlobalSection
	GlobalSection(SolutionProperties) = preSolution
		HideSolutionNode = FALSE
	EndGlobalSection
	GlobalSection(ExtensibilityGlobals) = postSolution
		SolutionGuid = {A245B56D-1814-4FEE-BCB3-D8D3B28CDED7}
	EndGlobalSection
EndGlobal
